
Microsoft Visual Studio Solution File, Format Version 12.00
# Visual Studio 15
VisualStudioVersion = 15.0.28307.572
MinimumVisualStudioVersion = 10.0.40219.1
Project("{9A19103F-16F7-4668-BE54-9A1E7A4F7556}") = "Rotageek.Contactus", "Rotageek.Contactus\Rotageek.Contactus.csproj", "{5F3A1DB5-6A36-49B7-9A86-521C579B4CD4}"
EndProject
Project("{FAE04EC0-301F-11D3-BF4B-00C04F79EFBC}") = "Rotageek.ContactusTests", "Rotageek.ContactusTests\Rotageek.ContactusTests.csproj", "{EAEB4D14-2D41-463D-B009-9350F820F2A9}"
EndProject
Global
	GlobalSection(SolutionConfigurationPlatforms) = preSolution
		Debug|Any CPU = Debug|Any CPU
		Release|Any CPU = Release|Any CPU
	EndGlobalSection
	GlobalSection(ProjectConfigurationPlatforms) = postSolution
		{5F3A1DB5-6A36-49B7-9A86-521C579B4CD4}.Debug|Any CPU.ActiveCfg = Debug|Any CPU
		{5F3A1DB5-6A36-49B7-9A86-521C579B4CD4}.Debug|Any CPU.Build.0 = Debug|Any CPU
		{5F3A1DB5-6A36-49B7-9A86-521C579B4CD4}.Release|Any CPU.ActiveCfg = Release|Any CPU
		{5F3A1DB5-6A36-49B7-9A86-521C579B4CD4}.Release|Any CPU.Build.0 = Release|Any CPU
		{EAEB4D14-2D41-463D-B009-9350F820F2A9}.Debug|Any CPU.ActiveCfg = Debug|Any CPU
		{EAEB4D14-2D41-463D-B009-9350F820F2A9}.Debug|Any CPU.Build.0 = Debug|Any CPU
		{EAEB4D14-2D41-463D-B009-9350F820F2A9}.Release|Any CPU.ActiveCfg = Release|Any CPU
		{EAEB4D14-2D41-463D-B009-9350F820F2A9}.Release|Any CPU.Build.0 = Release|Any CPU
	EndGlobalSection
	GlobalSection(SolutionProperties) = preSolution
		HideSolutionNode = FALSE
	EndGlobalSection
	GlobalSection(ExtensibilityGlobals) = postSolution
		SolutionGuid = {7D8BCAC2-2FB0-4A18-A56E-9B6E38254E68}
	EndGlobalSection
EndGlobal
